
Microsoft Visual Studio Solution File, Format Version 12.00
Project("{FAE04EC0-301F-11D3-BF4B-00C04F79EFBC}") = "FactivaHtmlParser.Core", "FactivaHtmlParser.Core\FactivaHtmlParser.Core.csproj", "{4328D79E-3861-4DB7-AF10-49A63CB2B77E}"
EndProject
Global
	GlobalSection(SolutionConfigurationPlatforms) = preSolution
		Debug|Any CPU = Debug|Any CPU
		Release|Any CPU = Release|Any CPU
	EndGlobalSection
	GlobalSection(ProjectConfigurationPlatforms) = postSolution
		{4328D79E-3861-4DB7-AF10-49A63CB2B77E}.Debug|Any CPU.ActiveCfg = Debug|Any CPU
		{4328D79E-3861-4DB7-AF10-49A63CB2B77E}.Debug|Any CPU.Build.0 = Debug|Any CPU
		{4328D79E-3861-4DB7-AF10-49A63CB2B77E}.Release|Any CPU.ActiveCfg = Release|Any CPU
		{4328D79E-3861-4DB7-AF10-49A63CB2B77E}.Release|Any CPU.Build.0 = Release|Any CPU
	EndGlobalSection
EndGlobal
